
Microsoft Visual Studio Solution File, Format Version 11.00
# Visual Studio 2010
Project("{FAE04EC0-301F-11D3-BF4B-00C04F79EFBC}") = "VuforiaScripts", "VuforiaScripts.csproj", "{F223AD01-32F1-617C-F050-EBBBDF8FF6E9}"
EndProject
Project("{FAE04EC0-301F-11D3-BF4B-00C04F79EFBC}") = "Assembly-CSharp", "Assembly-CSharp.csproj", "{73D8627D-7BC5-FC50-2370-ACA4DD9A14F8}"
EndProject
Project("{FAE04EC0-301F-11D3-BF4B-00C04F79EFBC}") = "VuforiaEditorScripts", "VuforiaEditorScripts.csproj", "{559D0FF3-280E-A218-FFC4-8C3ADE1EB160}"
EndProject
Global
	GlobalSection(SolutionConfigurationPlatforms) = preSolution
		Debug|Any CPU = Debug|Any CPU
		Release|Any CPU = Release|Any CPU
	EndGlobalSection
	GlobalSection(ProjectConfigurationPlatforms) = postSolution
		{F223AD01-32F1-617C-F050-EBBBDF8FF6E9}.Debug|Any CPU.ActiveCfg = Debug|Any CPU
		{F223AD01-32F1-617C-F050-EBBBDF8FF6E9}.Debug|Any CPU.Build.0 = Debug|Any CPU
		{F223AD01-32F1-617C-F050-EBBBDF8FF6E9}.Release|Any CPU.ActiveCfg = Release|Any CPU
		{F223AD01-32F1-617C-F050-EBBBDF8FF6E9}.Release|Any CPU.Build.0 = Release|Any CPU
		{73D8627D-7BC5-FC50-2370-ACA4DD9A14F8}.Debug|Any CPU.ActiveCfg = Debug|Any CPU
		{73D8627D-7BC5-FC50-2370-ACA4DD9A14F8}.Debug|Any CPU.Build.0 = Debug|Any CPU
		{73D8627D-7BC5-FC50-2370-ACA4DD9A14F8}.Release|Any CPU.ActiveCfg = Release|Any CPU
		{73D8627D-7BC5-FC50-2370-ACA4DD9A14F8}.Release|Any CPU.Build.0 = Release|Any CPU
		{559D0FF3-280E-A218-FFC4-8C3ADE1EB160}.Debug|Any CPU.ActiveCfg = Debug|Any CPU
		{559D0FF3-280E-A218-FFC4-8C3ADE1EB160}.Debug|Any CPU.Build.0 = Debug|Any CPU
		{559D0FF3-280E-A218-FFC4-8C3ADE1EB160}.Release|Any CPU.ActiveCfg = Release|Any CPU
		{559D0FF3-280E-A218-FFC4-8C3ADE1EB160}.Release|Any CPU.Build.0 = Release|Any CPU
	EndGlobalSection
	GlobalSection(SolutionProperties) = preSolution
		HideSolutionNode = FALSE
	EndGlobalSection
	GlobalSection(MonoDevelopProperties) = preSolution
		StartupItem = Assembly-CSharp.csproj
	EndGlobalSection
EndGlobal
